product_plan=V1.4-camera-only
phase=M2.2-object-detection-adapter
runtime_bundle=ST01-P0-R03
sop_version=1.1
python=3.13.14
fastapi=0.141.1
sqlalchemy=2.0.52
pydantic=2.13.4
uvicorn=0.52.3
postgresql_image=postgres:17-alpine
runtime_mode=SIMULATION|SHADOW|ADVISORY
field_device_scope=camera-only
camera_adapter=usb-opencv-development
opencv_python_headless=4.14.0.94
camera_mode=USB
model_adapter=vision-recipe-runtime
vision_recipe_engine=1.0
classical_cv_baseline=fixture-occupancy-cv-v1
object_detection_adapter=ultralytics-yolo11-cpu
ultralytics=8.4.120
ultralytics_source_commit=cb8f42cba42a4f6f2c0c1906106e6481b3ca382d
torch=2.13.0+cpu
torch_cuda_available=false
ultralytics_yolo11n_coco=yolo11n.pt
ultralytics_yolo11n_coco_sha256=0ebbc80d4a7680d14987a577cd21342b65ecfd94632bd9a8da63ae6417644ee1
future_device_adapters=contract-only
deepstream=not-installed-windows-linux-only
tensorrt=not-installed-p0
docker_verification=unverified-on-development-host
