product_plan=V1.4-camera-only
phase=P0-software-foundation
runtime_bundle=ST01-P0-R02
sop_version=1.1
python=3.13.14
fastapi=0.141.1
sqlalchemy=2.0.52
pydantic=2.13.4
uvicorn=0.52.3
postgresql_image=postgres:17-alpine
runtime_mode=SIMULATION|SHADOW|ADVISORY
field_device_scope=camera-only
camera_adapter=usb-opencv-development
opencv_python_headless=4.14.0.94
camera_mode=USB
model_adapter=simulated-vision
future_device_adapters=contract-only
deepstream=not-installed-p0
tensorrt=not-installed-p0
docker_verification=unverified-on-development-host
